
Microsoft Visual Studio Solution File, Format Version 12.00
# Visual Studio 15
VisualStudioVersion = 15.0.28307.106
MinimumVisualStudioVersion = 10.0.40219.1
Project("{FAE04EC0-301F-11D3-BF4B-00C04F79EFBC}") = "DemoZXing.Android", "DemoZXing\DemoZXing.Android\DemoZXing.Android.csproj", "{F8183C3F-DB64-4C33-A227-8158D1D6FC9D}"
EndProject
Project("{FAE04EC0-301F-11D3-BF4B-00C04F79EFBC}") = "DemoZXing.iOS", "DemoZXing\DemoZXing.iOS\DemoZXing.iOS.csproj", "{E108D141-BD84-4F19-A50E-BFAC5A649B80}"
EndProject
Project("{FAE04EC0-301F-11D3-BF4B-00C04F79EFBC}") = "DemoZXing.UWP", "DemoZXing\DemoZXing.UWP\DemoZXing.UWP.csproj", "{28118431-5414-4379-A204-FD4681410348}"
EndProject
Project("{FAE04EC0-301F-11D3-BF4B-00C04F79EFBC}") = "DemoZXing", "DemoZXing\DemoZXing\DemoZXing.csproj", "{15A08182-4813-430D-A0F1-AFC3681BF853}"
EndProject
Global
	GlobalSection(SolutionConfigurationPlatforms) = preSolution
		Ad-Hoc|Any CPU = Ad-Hoc|Any CPU
		Ad-Hoc|ARM = Ad-Hoc|ARM
		Ad-Hoc|iPhone = Ad-Hoc|iPhone
		Ad-Hoc|iPhoneSimulator = Ad-Hoc|iPhoneSimulator
		Ad-Hoc|x64 = Ad-Hoc|x64
		Ad-Hoc|x86 = Ad-Hoc|x86
		AppStore|Any CPU = AppStore|Any CPU
		AppStore|ARM = AppStore|ARM
		AppStore|iPhone = AppStore|iPhone
		AppStore|iPhoneSimulator = AppStore|iPhoneSimulator
		AppStore|x64 = AppStore|x64
		AppStore|x86 = AppStore|x86
		Debug|Any CPU = Debug|Any CPU
		Debug|ARM = Debug|ARM
		Debug|iPhone = Debug|iPhone
		Debug|iPhoneSimulator = Debug|iPhoneSimulator
		Debug|x64 = Debug|x64
		Debug|x86 = Debug|x86
		Release|Any CPU = Release|Any CPU
		Release|ARM = Release|ARM
		Release|iPhone = Release|iPhone
		Release|iPhoneSimulator = Release|iPhoneSimulator
		Release|x64 = Release|x64
		Release|x86 = Release|x86
	EndGlobalSection
	GlobalSection(ProjectConfigurationPlatforms) = postSolution
		{F8183C3F-DB64-4C33-A227-8158D1D6FC9D}.Ad-Hoc|Any CPU.ActiveCfg = Release|Any CPU
		{F8183C3F-DB64-4C33-A227-8158D1D6FC9D}.Ad-Hoc|Any CPU.Build.0 = Release|Any CPU
		{F8183C3F-DB64-4C33-A227-8158D1D6FC9D}.Ad-Hoc|Any CPU.Deploy.0 = Release|Any CPU
		{F8183C3F-DB64-4C33-A227-8158D1D6FC9D}.Ad-Hoc|ARM.ActiveCfg = Release|Any CPU
		{F8183C3F-DB64-4C33-A227-8158D1D6FC9D}.Ad-Hoc|ARM.Build.0 = Release|Any CPU
		{F8183C3F-DB64-4C33-A227-8158D1D6FC9D}.Ad-Hoc|ARM.Deploy.0 = Release|Any CPU
		{F8183C3F-DB64-4C33-A227-8158D1D6FC9D}.Ad-Hoc|iPhone.ActiveCfg = Release|Any CPU
		{F8183C3F-DB64-4C33-A227-8158D1D6FC9D}.Ad-Hoc|iPhone.Build.0 = Release|Any CPU
		{F8183C3F-DB64-4C33-A227-8158D1D6FC9D}.Ad-Hoc|iPhone.Deploy.0 = Release|Any CPU
		{F8183C3F-DB64-4C33-A227-8158D1D6FC9D}.Ad-Hoc|iPhoneSimulator.ActiveCfg = Release|Any CPU
		{F8183C3F-DB64-4C33-A227-8158D1D6FC9D}.Ad-Hoc|iPhoneSimulator.Build.0 = Release|Any CPU
		{F8183C3F-DB64-4C33-A227-8158D1D6FC9D}.Ad-Hoc|iPhoneSimulator.Deploy.0 = Release|Any CPU
		{F8183C3F-DB64-4C33-A227-8158D1D6FC9D}.Ad-Hoc|x64.ActiveCfg = Release|Any CPU
		{F8183C3F-DB64-4C33-A227-8158D1D6FC9D}.Ad-Hoc|x64.Build.0 = Release|Any CPU
		{F8183C3F-DB64-4C33-A227-8158D1D6FC9D}.Ad-Hoc|x64.Deploy.0 = Release|Any CPU
		{F8183C3F-DB64-4C33-A227-8158D1D6FC9D}.Ad-Hoc|x86.ActiveCfg = Release|Any CPU
		{F8183C3F-DB64-4C33-A227-8158D1D6FC9D}.Ad-Hoc|x86.Build.0 = Release|Any CPU
		{F8183C3F-DB64-4C33-A227-8158D1D6FC9D}.Ad-Hoc|x86.Deploy.0 = Release|Any CPU
		{F8183C3F-DB64-4C33-A227-8158D1D6FC9D}.AppStore|Any CPU.ActiveCfg = Release|Any CPU
		{F8183C3F-DB64-4C33-A227-8158D1D6FC9D}.AppStore|Any CPU.Build.0 = Release|Any CPU
		{F8183C3F-DB64-4C33-A227-8158D1D6FC9D}.AppStore|Any CPU.Deploy.0 = Release|Any CPU
		{F8183C3F-DB64-4C33-A227-8158D1D6FC9D}.AppStore|ARM.ActiveCfg = Release|Any CPU
		{F8183C3F-DB64-4C33-A227-8158D1D6FC9D}.AppStore|ARM.Build.0 = Release|Any CPU
		{F8183C3F-DB64-4C33-A227-8158D1D6FC9D}.AppStore|ARM.Deploy.0 = Release|Any CPU
		{F8183C3F-DB64-4C33-A227-8158D1D6FC9D}.AppStore|iPhone.ActiveCfg = Release|Any CPU
		{F8183C3F-DB64-4C33-A227-8158D1D6FC9D}.AppStore|iPhone.Build.0 = Release|Any CPU
		{F8183C3F-DB64-4C33-A227-8158D1D6FC9D}.AppStore|iPhone.Deploy.0 = Release|Any CPU
		{F8183C3F-DB64-4C33-A227-8158D1D6FC9D}.AppStore|iPhoneSimulator.ActiveCfg = Release|Any CPU
		{F8183C3F-DB64-4C33-A227-8158D1D6FC9D}.AppStore|iPhoneSimulator.Build.0 = Release|Any CPU
		{F8183C3F-DB64-4C33-A227-8158D1D6FC9D}.AppStore|iPhoneSimulator.Deploy.0 = Release|Any CPU
		{F8183C3F-DB64-4C33-A227-8158D1D6FC9D}.AppStore|x64.ActiveCfg = Release|Any CPU
		{F8183C3F-DB64-4C33-A227-8158D1D6FC9D}.AppStore|x64.Build.0 = Release|Any CPU
		{F8183C3F-DB64-4C33-A227-8158D1D6FC9D}.AppStore|x64.Deploy.0 = Release|Any CPU
		{F8183C3F-DB64-4C33-A227-8158D1D6FC9D}.AppStore|x86.ActiveCfg = Release|Any CPU
		{F8183C3F-DB64-4C33-A227-8158D1D6FC9D}.AppStore|x86.Build.0 = Release|Any CPU
		{F8183C3F-DB64-4C33-A227-8158D1D6FC9D}.AppStore|x86.Deploy.0 = Release|Any CPU
		{F8183C3F-DB64-4C33-A227-8158D1D6FC9D}.Debug|Any CPU.ActiveCfg = Debug|Any CPU
		{F8183C3F-DB64-4C33-A227-8158D1D6FC9D}.Debug|Any CPU.Build.0 = Debug|Any CPU
		{F8183C3F-DB64-4C33-A227-8158D1D6FC9D}.Debug|Any CPU.Deploy.0 = Debug|Any CPU
		{F8183C3F-DB64-4C33-A227-8158D1D6FC9D}.Debug|ARM.ActiveCfg = Debug|Any CPU
		{F8183C3F-DB64-4C33-A227-8158D1D6FC9D}.Debug|ARM.Build.0 = Debug|Any CPU
		{F8183C3F-DB64-4C33-A227-8158D1D6FC9D}.Debug|ARM.Deploy.0 = Debug|Any CPU
		{F8183C3F-DB64-4C33-A227-8158D1D6FC9D}.Debug|iPhone.ActiveCfg = Debug|Any CPU
		{F8183C3F-DB64-4C33-A227-8158D1D6FC9D}.Debug|iPhone.Build.0 = Debug|Any CPU
		{F8183C3F-DB64-4C33-A227-8158D1D6FC9D}.Debug|iPhone.Deploy.0 = Debug|Any CPU
		{F8183C3F-DB64-4C33-A227-8158D1D6FC9D}.Debug|iPhoneSimulator.ActiveCfg = Debug|Any CPU
		{F8183C3F-DB64-4C33-A227-8158D1D6FC9D}.Debug|iPhoneSimulator.Build.0 = Debug|Any CPU
		{F8183C3F-DB64-4C33-A227-8158D1D6FC9D}.Debug|iPhoneSimulator.Deploy.0 = Debug|Any CPU
		{F8183C3F-DB64-4C33-A227-8158D1D6FC9D}.Debug|x64.ActiveCfg = Debug|Any CPU
		{F8183C3F-DB64-4C33-A227-8158D1D6FC9D}.Debug|x64.Build.0 = Debug|Any CPU
		{F8183C3F-DB64-4C33-A227-8158D1D6FC9D}.Debug|x64.Deploy.0 = Debug|Any CPU
		{F8183C3F-DB64-4C33-A227-8158D1D6FC9D}.Debug|x86.ActiveCfg = Debug|Any CPU
		{F8183C3F-DB64-4C33-A227-8158D1D6FC9D}.Debug|x86.Build.0 = Debug|Any CPU
		{F8183C3F-DB64-4C33-A227-8158D1D6FC9D}.Debug|x86.Deploy.0 = Debug|Any CPU
		{F8183C3F-DB64-4C33-A227-8158D1D6FC9D}.Release|Any CPU.ActiveCfg = Release|Any CPU
		{F8183C3F-DB64-4C33-A227-8158D1D6FC9D}.Release|Any CPU.Build.0 = Release|Any CPU
		{F8183C3F-DB64-4C33-A227-8158D1D6FC9D}.Release|Any CPU.Deploy.0 = Release|Any CPU
		{F8183C3F-DB64-4C33-A227-8158D1D6FC9D}.Release|ARM.ActiveCfg = Release|Any CPU
		{F8183C3F-DB64-4C33-A227-8158D1D6FC9D}.Release|ARM.Build.0 = Release|Any CPU
		{F8183C3F-DB64-4C33-A227-8158D1D6FC9D}.Release|ARM.Deploy.0 = Release|Any CPU
		{F8183C3F-DB64-4C33-A227-8158D1D6FC9D}.Release|iPhone.ActiveCfg = Release|Any CPU
		{F8183C3F-DB64-4C33-A227-8158D1D6FC9D}.Release|iPhone.Build.0 = Release|Any CPU
		{F8183C3F-DB64-4C33-A227-8158D1D6FC9D}.Release|iPhone.Deploy.0 = Release|Any CPU
		{F8183C3F-DB64-4C33-A227-8158D1D6FC9D}.Release|iPhoneSimulator.ActiveCfg = Release|Any CPU
		{F8183C3F-DB64-4C33-A227-8158D1D6FC9D}.Release|iPhoneSimulator.Build.0 = Release|Any CPU
		{F8183C3F-DB64-4C33-A227-8158D1D6FC9D}.Release|iPhoneSimulator.Deploy.0 = Release|Any CPU
		{F8183C3F-DB64-4C33-A227-8158D1D6FC9D}.Release|x64.ActiveCfg = Release|Any CPU
		{F8183C3F-DB64-4C33-A227-8158D1D6FC9D}.Release|x64.Build.0 = Release|Any CPU
		{F8183C3F-DB64-4C33-A227-8158D1D6FC9D}.Release|x64.Deploy.0 = Release|Any CPU
		{F8183C3F-DB64-4C33-A227-8158D1D6FC9D}.Release|x86.ActiveCfg = Release|Any CPU
		{F8183C3F-DB64-4C33-A227-8158D1D6FC9D}.Release|x86.Build.0 = Release|Any CPU
		{F8183C3F-DB64-4C33-A227-8158D1D6FC9D}.Release|x86.Deploy.0 = Release|Any CPU
		{E108D141-BD84-4F19-A50E-BFAC5A649B80}.Ad-Hoc|Any CPU.ActiveCfg = Ad-Hoc|iPhone
		{E108D141-BD84-4F19-A50E-BFAC5A649B80}.Ad-Hoc|Any CPU.Build.0 = Ad-Hoc|iPhone
		{E108D141-BD84-4F19-A50E-BFAC5A649B80}.Ad-Hoc|Any CPU.Deploy.0 = Ad-Hoc|iPhone
		{E108D141-BD84-4F19-A50E-BFAC5A649B80}.Ad-Hoc|ARM.ActiveCfg = Ad-Hoc|iPhone
		{E108D141-BD84-4F19-A50E-BFAC5A649B80}.Ad-Hoc|ARM.Build.0 = Ad-Hoc|iPhone
		{E108D141-BD84-4F19-A50E-BFAC5A649B80}.Ad-Hoc|ARM.Deploy.0 = Ad-Hoc|iPhone
		{E108D141-BD84-4F19-A50E-BFAC5A649B80}.Ad-Hoc|iPhone.ActiveCfg = Ad-Hoc|iPhone
		{E108D141-BD84-4F19-A50E-BFAC5A649B80}.Ad-Hoc|iPhone.Build.0 = Ad-Hoc|iPhone
		{E108D141-BD84-4F19-A50E-BFAC5A649B80}.Ad-Hoc|iPhone.Deploy.0 = Ad-Hoc|iPhone
		{E108D141-BD84-4F19-A50E-BFAC5A649B80}.Ad-Hoc|iPhoneSimulator.ActiveCfg = Ad-Hoc|iPhoneSimulator
		{E108D141-BD84-4F19-A50E-BFAC5A649B80}.Ad-Hoc|iPhoneSimulator.Build.0 = Ad-Hoc|iPhoneSimulator
		{E108D141-BD84-4F19-A50E-BFAC5A649B80}.Ad-Hoc|iPhoneSimulator.Deploy.0 = Ad-Hoc|iPhoneSimulator
		{E108D141-BD84-4F19-A50E-BFAC5A649B80}.Ad-Hoc|x64.ActiveCfg = Ad-Hoc|iPhone
		{E108D141-BD84-4F19-A50E-BFAC5A649B80}.Ad-Hoc|x64.Build.0 = Ad-Hoc|iPhone
		{E108D141-BD84-4F19-A50E-BFAC5A649B80}.Ad-Hoc|x64.Deploy.0 = Ad-Hoc|iPhone
		{E108D141-BD84-4F19-A50E-BFAC5A649B80}.Ad-Hoc|x86.ActiveCfg = Ad-Hoc|iPhone
		{E108D141-BD84-4F19-A50E-BFAC5A649B80}.Ad-Hoc|x86.Build.0 = Ad-Hoc|iPhone
		{E108D141-BD84-4F19-A50E-BFAC5A649B80}.Ad-Hoc|x86.Deploy.0 = Ad-Hoc|iPhone
		{E108D141-BD84-4F19-A50E-BFAC5A649B80}.AppStore|Any CPU.ActiveCfg = AppStore|iPhone
		{E108D141-BD84-4F19-A50E-BFAC5A649B80}.AppStore|Any CPU.Build.0 = AppStore|iPhone
		{E108D141-BD84-4F19-A50E-BFAC5A649B80}.AppStore|Any CPU.Deploy.0 = AppStore|iPhone
		{E108D141-BD84-4F19-A50E-BFAC5A649B80}.AppStore|ARM.ActiveCfg = AppStore|iPhone
		{E108D141-BD84-4F19-A50E-BFAC5A649B80}.AppStore|ARM.Build.0 = AppStore|iPhone
		{E108D141-BD84-4F19-A50E-BFAC5A649B80}.AppStore|ARM.Deploy.0 = AppStore|iPhone
		{E108D141-BD84-4F19-A50E-BFAC5A649B80}.AppStore|iPhone.ActiveCfg = AppStore|iPhone
		{E108D141-BD84-4F19-A50E-BFAC5A649B80}.AppStore|iPhone.Build.0 = AppStore|iPhone
		{E108D141-BD84-4F19-A50E-BFAC5A649B80}.AppStore|iPhone.Deploy.0 = AppStore|iPhone
		{E108D141-BD84-4F19-A50E-BFAC5A649B80}.AppStore|iPhoneSimulator.ActiveCfg = AppStore|iPhoneSimulator
		{E108D141-BD84-4F19-A50E-BFAC5A649B80}.AppStore|iPhoneSimulator.Build.0 = AppStore|iPhoneSimulator
		{E108D141-BD84-4F19-A50E-BFAC5A649B80}.AppStore|iPhoneSimulator.Deploy.0 = AppStore|iPhoneSimulator
		{E108D141-BD84-4F19-A50E-BFAC5A649B80}.AppStore|x64.ActiveCfg = AppStore|iPhone
		{E108D141-BD84-4F19-A50E-BFAC5A649B80}.AppStore|x64.Build.0 = AppStore|iPhone
		{E108D141-BD84-4F19-A50E-BFAC5A649B80}.AppStore|x64.Deploy.0 = AppStore|iPhone
		{E108D141-BD84-4F19-A50E-BFAC5A649B80}.AppStore|x86.ActiveCfg = AppStore|iPhone
		{E108D141-BD84-4F19-A50E-BFAC5A649B80}.AppStore|x86.Build.0 = AppStore|iPhone
		{E108D141-BD84-4F19-A50E-BFAC5A649B80}.AppStore|x86.Deploy.0 = AppStore|iPhone
		{E108D141-BD84-4F19-A50E-BFAC5A649B80}.Debug|Any CPU.ActiveCfg = Debug|iPhoneSimulator
		{E108D141-BD84-4F19-A50E-BFAC5A649B80}.Debug|Any CPU.Build.0 = Debug|iPhoneSimulator
		{E108D141-BD84-4F19-A50E-BFAC5A649B80}.Debug|Any CPU.Deploy.0 = Debug|iPhoneSimulator
		{E108D141-BD84-4F19-A50E-BFAC5A649B80}.Debug|ARM.ActiveCfg = Debug|iPhone
		{E108D141-BD84-4F19-A50E-BFAC5A649B80}.Debug|ARM.Build.0 = Debug|iPhone
		{E108D141-BD84-4F19-A50E-BFAC5A649B80}.Debug|ARM.Deploy.0 = Debug|iPhone
		{E108D141-BD84-4F19-A50E-BFAC5A649B80}.Debug|iPhone.ActiveCfg = Debug|iPhone
		{E108D141-BD84-4F19-A50E-BFAC5A649B80}.Debug|iPhone.Build.0 = Debug|iPhone
		{E108D141-BD84-4F19-A50E-BFAC5A649B80}.Debug|iPhone.Deploy.0 = Debug|iPhone
		{E108D141-BD84-4F19-A50E-BFAC5A649B80}.Debug|iPhoneSimulator.ActiveCfg = Debug|iPhoneSimulator
		{E108D141-BD84-4F19-A50E-BFAC5A649B80}.Debug|iPhoneSimulator.Build.0 = Debug|iPhoneSimulator
		{E108D141-BD84-4F19-A50E-BFAC5A649B80}.Debug|iPhoneSimulator.Deploy.0 = Debug|iPhoneSimulator
		{E108D141-BD84-4F19-A50E-BFAC5A649B80}.Debug|x64.ActiveCfg = Debug|iPhone
		{E108D141-BD84-4F19-A50E-BFAC5A649B80}.Debug|x64.Build.0 = Debug|iPhone
		{E108D141-BD84-4F19-A50E-BFAC5A649B80}.Debug|x64.Deploy.0 = Debug|iPhone
		{E108D141-BD84-4F19-A50E-BFAC5A649B80}.Debug|x86.ActiveCfg = Debug|iPhone
		{E108D141-BD84-4F19-A50E-BFAC5A649B80}.Debug|x86.Build.0 = Debug|iPhone
		{E108D141-BD84-4F19-A50E-BFAC5A649B80}.Debug|x86.Deploy.0 = Debug|iPhone
		{E108D141-BD84-4F19-A50E-BFAC5A649B80}.Release|Any CPU.ActiveCfg = Release|iPhone
		{E108D141-BD84-4F19-A50E-BFAC5A649B80}.Release|Any CPU.Build.0 = Release|iPhone
		{E108D141-BD84-4F19-A50E-BFAC5A649B80}.Release|Any CPU.Deploy.0 = Release|iPhone
		{E108D141-BD84-4F19-A50E-BFAC5A649B80}.Release|ARM.ActiveCfg = Release|iPhone
		{E108D141-BD84-4F19-A50E-BFAC5A649B80}.Release|ARM.Build.0 = Release|iPhone
		{E108D141-BD84-4F19-A50E-BFAC5A649B80}.Release|ARM.Deploy.0 = Release|iPhone
		{E108D141-BD84-4F19-A50E-BFAC5A649B80}.Release|iPhone.ActiveCfg = Release|iPhone
		{E108D141-BD84-4F19-A50E-BFAC5A649B80}.Release|iPhone.Build.0 = Release|iPhone
		{E108D141-BD84-4F19-A50E-BFAC5A649B80}.Release|iPhone.Deploy.0 = Release|iPhone
		{E108D141-BD84-4F19-A50E-BFAC5A649B80}.Release|iPhoneSimulator.ActiveCfg = Release|iPhoneSimulator
		{E108D141-BD84-4F19-A50E-BFAC5A649B80}.Release|iPhoneSimulator.Build.0 = Release|iPhoneSimulator
		{E108D141-BD84-4F19-A50E-BFAC5A649B80}.Release|iPhoneSimulator.Deploy.0 = Release|iPhoneSimulator
		{E108D141-BD84-4F19-A50E-BFAC5A649B80}.Release|x64.ActiveCfg = Release|iPhone
		{E108D141-BD84-4F19-A50E-BFAC5A649B80}.Release|x64.Build.0 = Release|iPhone
		{E108D141-BD84-4F19-A50E-BFAC5A649B80}.Release|x64.Deploy.0 = Release|iPhone
		{E108D141-BD84-4F19-A50E-BFAC5A649B80}.Release|x86.ActiveCfg = Release|iPhone
		{E108D141-BD84-4F19-A50E-BFAC5A649B80}.Release|x86.Build.0 = Release|iPhone
		{E108D141-BD84-4F19-A50E-BFAC5A649B80}.Release|x86.Deploy.0 = Release|iPhone
		{28118431-5414-4379-A204-FD4681410348}.Ad-Hoc|Any CPU.ActiveCfg = Release|x86
		{28118431-5414-4379-A204-FD4681410348}.Ad-Hoc|Any CPU.Build.0 = Release|x86
		{28118431-5414-4379-A204-FD4681410348}.Ad-Hoc|Any CPU.Deploy.0 = Release|x86
		{28118431-5414-4379-A204-FD4681410348}.Ad-Hoc|ARM.ActiveCfg = Release|ARM
		{28118431-5414-4379-A204-FD4681410348}.Ad-Hoc|ARM.Build.0 = Release|ARM
		{28118431-5414-4379-A204-FD4681410348}.Ad-Hoc|ARM.Deploy.0 = Release|ARM
		{28118431-5414-4379-A204-FD4681410348}.Ad-Hoc|iPhone.ActiveCfg = Release|x86
		{28118431-5414-4379-A204-FD4681410348}.Ad-Hoc|iPhone.Build.0 = Release|x86
		{28118431-5414-4379-A204-FD4681410348}.Ad-Hoc|iPhone.Deploy.0 = Release|x86
		{28118431-5414-4379-A204-FD4681410348}.Ad-Hoc|iPhoneSimulator.ActiveCfg = Release|x86
		{28118431-5414-4379-A204-FD4681410348}.Ad-Hoc|iPhoneSimulator.Build.0 = Release|x86
		{28118431-5414-4379-A204-FD4681410348}.Ad-Hoc|iPhoneSimulator.Deploy.0 = Release|x86
		{28118431-5414-4379-A204-FD4681410348}.Ad-Hoc|x64.ActiveCfg = Release|x64
		{28118431-5414-4379-A204-FD4681410348}.Ad-Hoc|x64.Build.0 = Release|x64
		{28118431-5414-4379-A204-FD4681410348}.Ad-Hoc|x64.Deploy.0 = Release|x64
		{28118431-5414-4379-A204-FD4681410348}.Ad-Hoc|x86.ActiveCfg = Release|x86
		{28118431-5414-4379-A204-FD4681410348}.Ad-Hoc|x86.Build.0 = Release|x86
		{28118431-5414-4379-A204-FD4681410348}.Ad-Hoc|x86.Deploy.0 = Release|x86
		{28118431-5414-4379-A204-FD4681410348}.AppStore|Any CPU.ActiveCfg = Release|x86
		{28118431-5414-4379-A204-FD4681410348}.AppStore|Any CPU.Build.0 = Release|x86
		{28118431-5414-4379-A204-FD4681410348}.AppStore|Any CPU.Deploy.0 = Release|x86
		{28118431-5414-4379-A204-FD4681410348}.AppStore|ARM.ActiveCfg = Release|ARM
		{28118431-5414-4379-A204-FD4681410348}.AppStore|ARM.Build.0 = Release|ARM
		{28118431-5414-4379-A204-FD4681410348}.AppStore|ARM.Deploy.0 = Release|ARM
		{28118431-5414-4379-A204-FD4681410348}.AppStore|iPhone.ActiveCfg = Release|x86
		{28118431-5414-4379-A204-FD4681410348}.AppStore|iPhone.Build.0 = Release|x86
		{28118431-5414-4379-A204-FD4681410348}.AppStore|iPhone.Deploy.0 = Release|x86
		{28118431-5414-4379-A204-FD4681410348}.AppStore|iPhoneSimulator.ActiveCfg = Release|x86
		{28118431-5414-4379-A204-FD4681410348}.AppStore|iPhoneSimulator.Build.0 = Release|x86
		{28118431-5414-4379-A204-FD4681410348}.AppStore|iPhoneSimulator.Deploy.0 = Release|x86
		{28118431-5414-4379-A204-FD4681410348}.AppStore|x64.ActiveCfg = Release|x64
		{28118431-5414-4379-A204-FD4681410348}.AppStore|x64.Build.0 = Release|x64
		{28118431-5414-4379-A204-FD4681410348}.AppStore|x64.Deploy.0 = Release|x64
		{28118431-5414-4379-A204-FD4681410348}.AppStore|x86.ActiveCfg = Release|x86
		{28118431-5414-4379-A204-FD4681410348}.AppStore|x86.Build.0 = Release|x86
		{28118431-5414-4379-A204-FD4681410348}.AppStore|x86.Deploy.0 = Release|x86
		{28118431-5414-4379-A204-FD4681410348}.Debug|Any CPU.ActiveCfg = Debug|x86
		{28118431-5414-4379-A204-FD4681410348}.Debug|Any CPU.Build.0 = Debug|x86
		{28118431-5414-4379-A204-FD4681410348}.Debug|Any CPU.Deploy.0 = Debug|x86
		{28118431-5414-4379-A204-FD4681410348}.Debug|ARM.ActiveCfg = Debug|ARM
		{28118431-5414-4379-A204-FD4681410348}.Debug|ARM.Build.0 = Debug|ARM
		{28118431-5414-4379-A204-FD4681410348}.Debug|ARM.Deploy.0 = Debug|ARM
		{28118431-5414-4379-A204-FD4681410348}.Debug|iPhone.ActiveCfg = Debug|x86
		{28118431-5414-4379-A204-FD4681410348}.Debug|iPhone.Build.0 = Debug|x86
		{28118431-5414-4379-A204-FD4681410348}.Debug|iPhone.Deploy.0 = Debug|x86
		{28118431-5414-4379-A204-FD4681410348}.Debug|iPhoneSimulator.ActiveCfg = Debug|x86
		{28118431-5414-4379-A204-FD4681410348}.Debug|iPhoneSimulator.Build.0 = Debug|x86
		{28118431-5414-4379-A204-FD4681410348}.Debug|iPhoneSimulator.Deploy.0 = Debug|x86
		{28118431-5414-4379-A204-FD4681410348}.Debug|x64.ActiveCfg = Debug|x64
		{28118431-5414-4379-A204-FD4681410348}.Debug|x64.Build.0 = Debug|x64
		{28118431-5414-4379-A204-FD4681410348}.Debug|x64.Deploy.0 = Debug|x64
		{28118431-5414-4379-A204-FD4681410348}.Debug|x86.ActiveCfg = Debug|x86
		{28118431-5414-4379-A204-FD4681410348}.Debug|x86.Build.0 = Debug|x86
		{28118431-5414-4379-A204-FD4681410348}.Debug|x86.Deploy.0 = Debug|x86
		{28118431-5414-4379-A204-FD4681410348}.Release|Any CPU.ActiveCfg = Release|x86
		{28118431-5414-4379-A204-FD4681410348}.Release|Any CPU.Build.0 = Release|x86
		{28118431-5414-4379-A204-FD4681410348}.Release|Any CPU.Deploy.0 = Release|x86
		{28118431-5414-4379-A204-FD4681410348}.Release|ARM.ActiveCfg = Release|ARM
		{28118431-5414-4379-A204-FD4681410348}.Release|ARM.Build.0 = Release|ARM
		{28118431-5414-4379-A204-FD4681410348}.Release|ARM.Deploy.0 = Release|ARM
		{28118431-5414-4379-A204-FD4681410348}.Release|iPhone.ActiveCfg = Release|x86
		{28118431-5414-4379-A204-FD4681410348}.Release|iPhone.Build.0 = Release|x86
		{28118431-5414-4379-A204-FD4681410348}.Release|iPhone.Deploy.0 = Release|x86
		{28118431-5414-4379-A204-FD4681410348}.Release|iPhoneSimulator.ActiveCfg = Release|x86
		{28118431-5414-4379-A204-FD4681410348}.Release|iPhoneSimulator.Build.0 = Release|x86
		{28118431-5414-4379-A204-FD4681410348}.Release|iPhoneSimulator.Deploy.0 = Release|x86
		{28118431-5414-4379-A204-FD4681410348}.Release|x64.ActiveCfg = Release|x64
		{28118431-5414-4379-A204-FD4681410348}.Release|x64.Build.0 = Release|x64
		{28118431-5414-4379-A204-FD4681410348}.Release|x64.Deploy.0 = Release|x64
		{28118431-5414-4379-A204-FD4681410348}.Release|x86.ActiveCfg = Release|x86
		{28118431-5414-4379-A204-FD4681410348}.Release|x86.Build.0 = Release|x86
		{28118431-5414-4379-A204-FD4681410348}.Release|x86.Deploy.0 = Release|x86
		{15A08182-4813-430D-A0F1-AFC3681BF853}.Ad-Hoc|Any CPU.ActiveCfg = Debug|Any CPU
		{15A08182-4813-430D-A0F1-AFC3681BF853}.Ad-Hoc|Any CPU.Build.0 = Debug|Any CPU
		{15A08182-4813-430D-A0F1-AFC3681BF853}.Ad-Hoc|Any CPU.Deploy.0 = Debug|Any CPU
		{15A08182-4813-430D-A0F1-AFC3681BF853}.Ad-Hoc|ARM.ActiveCfg = Debug|Any CPU
		{15A08182-4813-430D-A0F1-AFC3681BF853}.Ad-Hoc|ARM.Build.0 = Debug|Any CPU
		{15A08182-4813-430D-A0F1-AFC3681BF853}.Ad-Hoc|ARM.Deploy.0 = Debug|Any CPU
		{15A08182-4813-430D-A0F1-AFC3681BF853}.Ad-Hoc|iPhone.ActiveCfg = Debug|Any CPU
		{15A08182-4813-430D-A0F1-AFC3681BF853}.Ad-Hoc|iPhone.Build.0 = Debug|Any CPU
		{15A08182-4813-430D-A0F1-AFC3681BF853}.Ad-Hoc|iPhone.Deploy.0 = Debug|Any CPU
		{15A08182-4813-430D-A0F1-AFC3681BF853}.Ad-Hoc|iPhoneSimulator.ActiveCfg = Debug|Any CPU
		{15A08182-4813-430D-A0F1-AFC3681BF853}.Ad-Hoc|iPhoneSimulator.Build.0 = Debug|Any CPU
		{15A08182-4813-430D-A0F1-AFC3681BF853}.Ad-Hoc|iPhoneSimulator.Deploy.0 = Debug|Any CPU
		{15A08182-4813-430D-A0F1-AFC3681BF853}.Ad-Hoc|x64.ActiveCfg = Debug|Any CPU
		{15A08182-4813-430D-A0F1-AFC3681BF853}.Ad-Hoc|x64.Build.0 = Debug|Any CPU
		{15A08182-4813-430D-A0F1-AFC3681BF853}.Ad-Hoc|x64.Deploy.0 = Debug|Any CPU
		{15A08182-4813-430D-A0F1-AFC3681BF853}.Ad-Hoc|x86.ActiveCfg = Debug|Any CPU
		{15A08182-4813-430D-A0F1-AFC3681BF853}.Ad-Hoc|x86.Build.0 = Debug|Any CPU
		{15A08182-4813-430D-A0F1-AFC3681BF853}.Ad-Hoc|x86.Deploy.0 = Debug|Any CPU
		{15A08182-4813-430D-A0F1-AFC3681BF853}.AppStore|Any CPU.ActiveCfg = Debug|Any CPU
		{15A08182-4813-430D-A0F1-AFC3681BF853}.AppStore|Any CPU.Build.0 = Debug|Any CPU
		{15A08182-4813-430D-A0F1-AFC3681BF853}.AppStore|Any CPU.Deploy.0 = Debug|Any CPU
		{15A08182-4813-430D-A0F1-AFC3681BF853}.AppStore|ARM.ActiveCfg = Debug|Any CPU
		{15A08182-4813-430D-A0F1-AFC3681BF853}.AppStore|ARM.Build.0 = Debug|Any CPU
		{15A08182-4813-430D-A0F1-AFC3681BF853}.AppStore|ARM.Deploy.0 = Debug|Any CPU
		{15A08182-4813-430D-A0F1-AFC3681BF853}.AppStore|iPhone.ActiveCfg = Debug|Any CPU
		{15A08182-4813-430D-A0F1-AFC3681BF853}.AppStore|iPhone.Build.0 = Debug|Any CPU
		{15A08182-4813-430D-A0F1-AFC3681BF853}.AppStore|iPhone.Deploy.0 = Debug|Any CPU
		{15A08182-4813-430D-A0F1-AFC3681BF853}.AppStore|iPhoneSimulator.ActiveCfg = Debug|Any CPU
		{15A08182-4813-430D-A0F1-AFC3681BF853}.AppStore|iPhoneSimulator.Build.0 = Debug|Any CPU
		{15A08182-4813-430D-A0F1-AFC3681BF853}.AppStore|iPhoneSimulator.Deploy.0 = Debug|Any CPU
		{15A08182-4813-430D-A0F1-AFC3681BF853}.AppStore|x64.ActiveCfg = Debug|Any CPU
		{15A08182-4813-430D-A0F1-AFC3681BF853}.AppStore|x64.Build.0 = Debug|Any CPU
		{15A08182-4813-430D-A0F1-AFC3681BF853}.AppStore|x64.Deploy.0 = Debug|Any CPU
		{15A08182-4813-430D-A0F1-AFC3681BF853}.AppStore|x86.ActiveCfg = Debug|Any CPU
		{15A08182-4813-430D-A0F1-AFC3681BF853}.AppStore|x86.Build.0 = Debug|Any CPU
		{15A08182-4813-430D-A0F1-AFC3681BF853}.AppStore|x86.Deploy.0 = Debug|Any CPU
		{15A08182-4813-430D-A0F1-AFC3681BF853}.Debug|Any CPU.ActiveCfg = Debug|Any CPU
		{15A08182-4813-430D-A0F1-AFC3681BF853}.Debug|Any CPU.Build.0 = Debug|Any CPU
		{15A08182-4813-430D-A0F1-AFC3681BF853}.Debug|Any CPU.Deploy.0 = Debug|Any CPU
		{15A08182-4813-430D-A0F1-AFC3681BF853}.Debug|ARM.ActiveCfg = Debug|Any CPU
		{15A08182-4813-430D-A0F1-AFC3681BF853}.Debug|ARM.Build.0 = Debug|Any CPU
		{15A08182-4813-430D-A0F1-AFC3681BF853}.Debug|ARM.Deploy.0 = Debug|Any CPU
		{15A08182-4813-430D-A0F1-AFC3681BF853}.Debug|iPhone.ActiveCfg = Debug|Any CPU
		{15A08182-4813-430D-A0F1-AFC3681BF853}.Debug|iPhone.Build.0 = Debug|Any CPU
		{15A08182-4813-430D-A0F1-AFC3681BF853}.Debug|iPhone.Deploy.0 = Debug|Any CPU
		{15A08182-4813-430D-A0F1-AFC3681BF853}.Debug|iPhoneSimulator.ActiveCfg = Debug|Any CPU
		{15A08182-4813-430D-A0F1-AFC3681BF853}.Debug|iPhoneSimulator.Build.0 = Debug|Any CPU
		{15A08182-4813-430D-A0F1-AFC3681BF853}.Debug|iPhoneSimulator.Deploy.0 = Debug|Any CPU
		{15A08182-4813-430D-A0F1-AFC3681BF853}.Debug|x64.ActiveCfg = Debug|Any CPU
		{15A08182-4813-430D-A0F1-AFC3681BF853}.Debug|x64.Build.0 = Debug|Any CPU
		{15A08182-4813-430D-A0F1-AFC3681BF853}.Debug|x64.Deploy.0 = Debug|Any CPU
		{15A08182-4813-430D-A0F1-AFC3681BF853}.Debug|x86.ActiveCfg = Debug|Any CPU
		{15A08182-4813-430D-A0F1-AFC3681BF853}.Debug|x86.Build.0 = Debug|Any CPU
		{15A08182-4813-430D-A0F1-AFC3681BF853}.Debug|x86.Deploy.0 = Debug|Any CPU
		{15A08182-4813-430D-A0F1-AFC3681BF853}.Release|Any CPU.ActiveCfg = Release|Any CPU
		{15A08182-4813-430D-A0F1-AFC3681BF853}.Release|Any CPU.Build.0 = Release|Any CPU
		{15A08182-4813-430D-A0F1-AFC3681BF853}.Release|Any CPU.Deploy.0 = Release|Any CPU
		{15A08182-4813-430D-A0F1-AFC3681BF853}.Release|ARM.ActiveCfg = Release|Any CPU
		{15A08182-4813-430D-A0F1-AFC3681BF853}.Release|ARM.Build.0 = Release|Any CPU
		{15A08182-4813-430D-A0F1-AFC3681BF853}.Release|ARM.Deploy.0 = Release|Any CPU
		{15A08182-4813-430D-A0F1-AFC3681BF853}.Release|iPhone.ActiveCfg = Release|Any CPU
		{15A08182-4813-430D-A0F1-AFC3681BF853}.Release|iPhone.Build.0 = Release|Any CPU
		{15A08182-4813-430D-A0F1-AFC3681BF853}.Release|iPhone.Deploy.0 = Release|Any CPU
		{15A08182-4813-430D-A0F1-AFC3681BF853}.Release|iPhoneSimulator.ActiveCfg = Release|Any CPU
		{15A08182-4813-430D-A0F1-AFC3681BF853}.Release|iPhoneSimulator.Build.0 = Release|Any CPU
		{15A08182-4813-430D-A0F1-AFC3681BF853}.Release|iPhoneSimulator.Deploy.0 = Release|Any CPU
		{15A08182-4813-430D-A0F1-AFC3681BF853}.Release|x64.ActiveCfg = Release|Any CPU
		{15A08182-4813-430D-A0F1-AFC3681BF853}.Release|x64.Build.0 = Release|Any CPU
		{15A08182-4813-430D-A0F1-AFC3681BF853}.Release|x64.Deploy.0 = Release|Any CPU
		{15A08182-4813-430D-A0F1-AFC3681BF853}.Release|x86.ActiveCfg = Release|Any CPU
		{15A08182-4813-430D-A0F1-AFC3681BF853}.Release|x86.Build.0 = Release|Any CPU
		{15A08182-4813-430D-A0F1-AFC3681BF853}.Release|x86.Deploy.0 = Release|Any CPU
	EndGlobalSection
	GlobalSection(SolutionProperties) = preSolution
		HideSolutionNode = FALSE
	EndGlobalSection
	GlobalSection(ExtensibilityGlobals) = postSolution
		SolutionGuid = {29CF9F3C-88F6-469C-897E-B084D34BDBFB}
	EndGlobalSection
EndGlobal
